
Microsoft Visual Studio Solution File, Format Version 12.00
# Visual Studio Version 16
VisualStudioVersion = 16.0.32929.386
MinimumVisualStudioVersion = 10.0.40219.1
Project("{FAE04EC0-301F-11D3-BF4B-00C04F79EFBC}") = "RecipeManagement", "RecipeManagement\RecipeManagement.csproj", "{168B220C-D0A1-4632-A11C-4330AB081C0B}"
EndProject
Global
	GlobalSection(SolutionConfigurationPlatforms) = preSolution
		Debug|Any CPU = Debug|Any CPU
		Release|Any CPU = Release|Any CPU
	EndGlobalSection
	GlobalSection(ProjectConfigurationPlatforms) = postSolution
		{168B220C-D0A1-4632-A11C-4330AB081C0B}.Debug|Any CPU.ActiveCfg = Debug|Any CPU
		{168B220C-D0A1-4632-A11C-4330AB081C0B}.Debug|Any CPU.Build.0 = Debug|Any CPU
		{168B220C-D0A1-4632-A11C-4330AB081C0B}.Release|Any CPU.ActiveCfg = Release|Any CPU
		{168B220C-D0A1-4632-A11C-4330AB081C0B}.Release|Any CPU.Build.0 = Release|Any CPU
	EndGlobalSection
	GlobalSection(SolutionProperties) = preSolution
		HideSolutionNode = FALSE
	EndGlobalSection
	GlobalSection(ExtensibilityGlobals) = postSolution
		SolutionGuid = {E2835E86-6F77-4C97-B83B-2305568DB42D}
	EndGlobalSection
EndGlobal
